
Microsoft Visual Studio Solution File, Format Version 12.00
# Visual Studio Version 17
VisualStudioVersion = 17.3.32929.385
MinimumVisualStudioVersion = 10.0.40219.1
Project("{FAE04EC0-301F-11D3-BF4B-00C04F79EFBC}") = "CVGS", "CVGS.csproj", "{C5B276C0-3CA7-4837-98E3-5052BE40F4BB}"
EndProject
Global
	GlobalSection(SolutionConfigurationPlatforms) = preSolution
		Debug|Any CPU = Debug|Any CPU
		Release|Any CPU = Release|Any CPU
	EndGlobalSection
	GlobalSection(ProjectConfigurationPlatforms) = postSolution
		{C5B276C0-3CA7-4837-98E3-5052BE40F4BB}.Debug|Any CPU.ActiveCfg = Debug|Any CPU
		{C5B276C0-3CA7-4837-98E3-5052BE40F4BB}.Debug|Any CPU.Build.0 = Debug|Any CPU
		{C5B276C0-3CA7-4837-98E3-5052BE40F4BB}.Release|Any CPU.ActiveCfg = Release|Any CPU
		{C5B276C0-3CA7-4837-98E3-5052BE40F4BB}.Release|Any CPU.Build.0 = Release|Any CPU
	EndGlobalSection
	GlobalSection(SolutionProperties) = preSolution
		HideSolutionNode = FALSE
	EndGlobalSection
	GlobalSection(ExtensibilityGlobals) = postSolution
		SolutionGuid = {301E234F-2FB3-487F-B077-CC801C08353F}
	EndGlobalSection
EndGlobal
